
Microsoft Visual Studio Solution File, Format Version 12.00
# Visual Studio 15
VisualStudioVersion = 15.0.27703.2042
MinimumVisualStudioVersion = 10.0.40219.1
Project("{FAE04EC0-301F-11D3-BF4B-00C04F79EFBC}") = "App2.Android", "App2\App2.Android\App2.Android.csproj", "{1DA19A18-AFC7-4645-B40F-0DC28B1F1850}"
EndProject
Project("{FAE04EC0-301F-11D3-BF4B-00C04F79EFBC}") = "App2.iOS", "App2\App2.iOS\App2.iOS.csproj", "{AD562249-4650-494E-9380-919D974BD1B4}"
EndProject
Project("{FAE04EC0-301F-11D3-BF4B-00C04F79EFBC}") = "App2.UWP", "App2\App2.UWP\App2.UWP.csproj", "{BBFC57C6-1E0F-4338-AF67-10FB10C3EBD3}"
EndProject
Project("{D954291E-2A0B-460D-934E-DC6B0785DB48}") = "App2", "App2\App2\App2.shproj", "{E7AA5B02-45CE-476F-88A4-D99DAF768B44}"
EndProject
Global
	GlobalSection(SharedMSBuildProjectFiles) = preSolution
		App2\App2\App2.projitems*{1da19a18-afc7-4645-b40f-0dc28b1f1850}*SharedItemsImports = 4
		App2\App2\App2.projitems*{ad562249-4650-494e-9380-919d974bd1b4}*SharedItemsImports = 4
		App2\App2\App2.projitems*{e7aa5b02-45ce-476f-88a4-d99daf768b44}*SharedItemsImports = 13
	EndGlobalSection
	GlobalSection(SolutionConfigurationPlatforms) = preSolution
		Debug|Any CPU = Debug|Any CPU
		Debug|ARM = Debug|ARM
		Debug|iPhone = Debug|iPhone
		Debug|iPhoneSimulator = Debug|iPhoneSimulator
		Debug|x64 = Debug|x64
		Debug|x86 = Debug|x86
		Release|Any CPU = Release|Any CPU
		Release|ARM = Release|ARM
		Release|iPhone = Release|iPhone
		Release|iPhoneSimulator = Release|iPhoneSimulator
		Release|x64 = Release|x64
		Release|x86 = Release|x86
	EndGlobalSection
	GlobalSection(ProjectConfigurationPlatforms) = postSolution
		{1DA19A18-AFC7-4645-B40F-0DC28B1F1850}.Debug|Any CPU.ActiveCfg = Debug|Any CPU
		{1DA19A18-AFC7-4645-B40F-0DC28B1F1850}.Debug|Any CPU.Build.0 = Debug|Any CPU
		{1DA19A18-AFC7-4645-B40F-0DC28B1F1850}.Debug|Any CPU.Deploy.0 = Debug|Any CPU
		{1DA19A18-AFC7-4645-B40F-0DC28B1F1850}.Debug|ARM.ActiveCfg = Debug|Any CPU
		{1DA19A18-AFC7-4645-B40F-0DC28B1F1850}.Debug|ARM.Build.0 = Debug|Any CPU
		{1DA19A18-AFC7-4645-B40F-0DC28B1F1850}.Debug|ARM.Deploy.0 = Debug|Any CPU
		{1DA19A18-AFC7-4645-B40F-0DC28B1F1850}.Debug|iPhone.ActiveCfg = Debug|Any CPU
		{1DA19A18-AFC7-4645-B40F-0DC28B1F1850}.Debug|iPhone.Build.0 = Debug|Any CPU
		{1DA19A18-AFC7-4645-B40F-0DC28B1F1850}.Debug|iPhone.Deploy.0 = Debug|Any CPU
		{1DA19A18-AFC7-4645-B40F-0DC28B1F1850}.Debug|iPhoneSimulator.ActiveCfg = Debug|Any CPU
		{1DA19A18-AFC7-4645-B40F-0DC28B1F1850}.Debug|iPhoneSimulator.Build.0 = Debug|Any CPU
		{1DA19A18-AFC7-4645-B40F-0DC28B1F1850}.Debug|iPhoneSimulator.Deploy.0 = Debug|Any CPU
		{1DA19A18-AFC7-4645-B40F-0DC28B1F1850}.Debug|x64.ActiveCfg = Debug|Any CPU
		{1DA19A18-AFC7-4645-B40F-0DC28B1F1850}.Debug|x64.Build.0 = Debug|Any CPU
		{1DA19A18-AFC7-4645-B40F-0DC28B1F1850}.Debug|x64.Deploy.0 = Debug|Any CPU
		{1DA19A18-AFC7-4645-B40F-0DC28B1F1850}.Debug|x86.ActiveCfg = Debug|Any CPU
		{1DA19A18-AFC7-4645-B40F-0DC28B1F1850}.Debug|x86.Build.0 = Debug|Any CPU
		{1DA19A18-AFC7-4645-B40F-0DC28B1F1850}.Debug|x86.Deploy.0 = Debug|Any CPU
		{1DA19A18-AFC7-4645-B40F-0DC28B1F1850}.Release|Any CPU.ActiveCfg = Release|Any CPU
		{1DA19A18-AFC7-4645-B40F-0DC28B1F1850}.Release|Any CPU.Build.0 = Release|Any CPU
		{1DA19A18-AFC7-4645-B40F-0DC28B1F1850}.Release|Any CPU.Deploy.0 = Release|Any CPU
		{1DA19A18-AFC7-4645-B40F-0DC28B1F1850}.Release|ARM.ActiveCfg = Release|Any CPU
		{1DA19A18-AFC7-4645-B40F-0DC28B1F1850}.Release|ARM.Build.0 = Release|Any CPU
		{1DA19A18-AFC7-4645-B40F-0DC28B1F1850}.Release|ARM.Deploy.0 = Release|Any CPU
		{1DA19A18-AFC7-4645-B40F-0DC28B1F1850}.Release|iPhone.ActiveCfg = Release|Any CPU
		{1DA19A18-AFC7-4645-B40F-0DC28B1F1850}.Release|iPhone.Build.0 = Release|Any CPU
		{1DA19A18-AFC7-4645-B40F-0DC28B1F1850}.Release|iPhone.Deploy.0 = Release|Any CPU
		{1DA19A18-AFC7-4645-B40F-0DC28B1F1850}.Release|iPhoneSimulator.ActiveCfg = Release|Any CPU
		{1DA19A18-AFC7-4645-B40F-0DC28B1F1850}.Release|iPhoneSimulator.Build.0 = Release|Any CPU
		{1DA19A18-AFC7-4645-B40F-0DC28B1F1850}.Release|iPhoneSimulator.Deploy.0 = Release|Any CPU
		{1DA19A18-AFC7-4645-B40F-0DC28B1F1850}.Release|x64.ActiveCfg = Release|Any CPU
		{1DA19A18-AFC7-4645-B40F-0DC28B1F1850}.Release|x64.Build.0 = Release|Any CPU
		{1DA19A18-AFC7-4645-B40F-0DC28B1F1850}.Release|x64.Deploy.0 = Release|Any CPU
		{1DA19A18-AFC7-4645-B40F-0DC28B1F1850}.Release|x86.ActiveCfg = Release|Any CPU
		{1DA19A18-AFC7-4645-B40F-0DC28B1F1850}.Release|x86.Build.0 = Release|Any CPU
		{1DA19A18-AFC7-4645-B40F-0DC28B1F1850}.Release|x86.Deploy.0 = Release|Any CPU
		{AD562249-4650-494E-9380-919D974BD1B4}.Debug|Any CPU.ActiveCfg = Debug|iPhoneSimulator
		{AD562249-4650-494E-9380-919D974BD1B4}.Debug|Any CPU.Build.0 = Debug|iPhoneSimulator
		{AD562249-4650-494E-9380-919D974BD1B4}.Debug|Any CPU.Deploy.0 = Debug|iPhoneSimulator
		{AD562249-4650-494E-9380-919D974BD1B4}.Debug|ARM.ActiveCfg = Debug|iPhone
		{AD562249-4650-494E-9380-919D974BD1B4}.Debug|ARM.Build.0 = Debug|iPhone
		{AD562249-4650-494E-9380-919D974BD1B4}.Debug|ARM.Deploy.0 = Debug|iPhone
		{AD562249-4650-494E-9380-919D974BD1B4}.Debug|iPhone.ActiveCfg = Debug|iPhone
		{AD562249-4650-494E-9380-919D974BD1B4}.Debug|iPhone.Build.0 = Debug|iPhone
		{AD562249-4650-494E-9380-919D974BD1B4}.Debug|iPhone.Deploy.0 = Debug|iPhone
		{AD562249-4650-494E-9380-919D974BD1B4}.Debug|iPhoneSimulator.ActiveCfg = Debug|iPhoneSimulator
		{AD562249-4650-494E-9380-919D974BD1B4}.Debug|iPhoneSimulator.Build.0 = Debug|iPhoneSimulator
		{AD562249-4650-494E-9380-919D974BD1B4}.Debug|iPhoneSimulator.Deploy.0 = Debug|iPhoneSimulator
		{AD562249-4650-494E-9380-919D974BD1B4}.Debug|x64.ActiveCfg = Debug|iPhone
		{AD562249-4650-494E-9380-919D974BD1B4}.Debug|x64.Build.0 = Debug|iPhone
		{AD562249-4650-494E-9380-919D974BD1B4}.Debug|x64.Deploy.0 = Debug|iPhone
		{AD562249-4650-494E-9380-919D974BD1B4}.Debug|x86.ActiveCfg = Debug|iPhone
		{AD562249-4650-494E-9380-919D974BD1B4}.Debug|x86.Build.0 = Debug|iPhone
		{AD562249-4650-494E-9380-919D974BD1B4}.Debug|x86.Deploy.0 = Debug|iPhone
		{AD562249-4650-494E-9380-919D974BD1B4}.Release|Any CPU.ActiveCfg = Release|iPhone
		{AD562249-4650-494E-9380-919D974BD1B4}.Release|Any CPU.Build.0 = Release|iPhone
		{AD562249-4650-494E-9380-919D974BD1B4}.Release|Any CPU.Deploy.0 = Release|iPhone
		{AD562249-4650-494E-9380-919D974BD1B4}.Release|ARM.ActiveCfg = Release|iPhone
		{AD562249-4650-494E-9380-919D974BD1B4}.Release|ARM.Build.0 = Release|iPhone
		{AD562249-4650-494E-9380-919D974BD1B4}.Release|ARM.Deploy.0 = Release|iPhone
		{AD562249-4650-494E-9380-919D974BD1B4}.Release|iPhone.ActiveCfg = Release|iPhone
		{AD562249-4650-494E-9380-919D974BD1B4}.Release|iPhone.Build.0 = Release|iPhone
		{AD562249-4650-494E-9380-919D974BD1B4}.Release|iPhone.Deploy.0 = Release|iPhone
		{AD562249-4650-494E-9380-919D974BD1B4}.Release|iPhoneSimulator.ActiveCfg = Release|iPhoneSimulator
		{AD562249-4650-494E-9380-919D974BD1B4}.Release|iPhoneSimulator.Build.0 = Release|iPhoneSimulator
		{AD562249-4650-494E-9380-919D974BD1B4}.Release|iPhoneSimulator.Deploy.0 = Release|iPhoneSimulator
		{AD562249-4650-494E-9380-919D974BD1B4}.Release|x64.ActiveCfg = Release|iPhone
		{AD562249-4650-494E-9380-919D974BD1B4}.Release|x64.Build.0 = Release|iPhone
		{AD562249-4650-494E-9380-919D974BD1B4}.Release|x64.Deploy.0 = Release|iPhone
		{AD562249-4650-494E-9380-919D974BD1B4}.Release|x86.ActiveCfg = Release|iPhone
		{AD562249-4650-494E-9380-919D974BD1B4}.Release|x86.Build.0 = Release|iPhone
		{AD562249-4650-494E-9380-919D974BD1B4}.Release|x86.Deploy.0 = Release|iPhone
		{BBFC57C6-1E0F-4338-AF67-10FB10C3EBD3}.Debug|Any CPU.ActiveCfg = Debug|x86
		{BBFC57C6-1E0F-4338-AF67-10FB10C3EBD3}.Debug|ARM.ActiveCfg = Debug|ARM
		{BBFC57C6-1E0F-4338-AF67-10FB10C3EBD3}.Debug|ARM.Build.0 = Debug|ARM
		{BBFC57C6-1E0F-4338-AF67-10FB10C3EBD3}.Debug|ARM.Deploy.0 = Debug|ARM
		{BBFC57C6-1E0F-4338-AF67-10FB10C3EBD3}.Debug|iPhone.ActiveCfg = Debug|x86
		{BBFC57C6-1E0F-4338-AF67-10FB10C3EBD3}.Debug|iPhoneSimulator.ActiveCfg = Debug|x86
		{BBFC57C6-1E0F-4338-AF67-10FB10C3EBD3}.Debug|x64.ActiveCfg = Debug|x64
		{BBFC57C6-1E0F-4338-AF67-10FB10C3EBD3}.Debug|x64.Build.0 = Debug|x64
		{BBFC57C6-1E0F-4338-AF67-10FB10C3EBD3}.Debug|x64.Deploy.0 = Debug|x64
		{BBFC57C6-1E0F-4338-AF67-10FB10C3EBD3}.Debug|x86.ActiveCfg = Debug|x86
		{BBFC57C6-1E0F-4338-AF67-10FB10C3EBD3}.Debug|x86.Build.0 = Debug|x86
		{BBFC57C6-1E0F-4338-AF67-10FB10C3EBD3}.Debug|x86.Deploy.0 = Debug|x86
		{BBFC57C6-1E0F-4338-AF67-10FB10C3EBD3}.Release|Any CPU.ActiveCfg = Release|x86
		{BBFC57C6-1E0F-4338-AF67-10FB10C3EBD3}.Release|ARM.ActiveCfg = Release|ARM
		{BBFC57C6-1E0F-4338-AF67-10FB10C3EBD3}.Release|ARM.Build.0 = Release|ARM
		{BBFC57C6-1E0F-4338-AF67-10FB10C3EBD3}.Release|ARM.Deploy.0 = Release|ARM
		{BBFC57C6-1E0F-4338-AF67-10FB10C3EBD3}.Release|iPhone.ActiveCfg = Release|x86
		{BBFC57C6-1E0F-4338-AF67-10FB10C3EBD3}.Release|iPhoneSimulator.ActiveCfg = Release|x86
		{BBFC57C6-1E0F-4338-AF67-10FB10C3EBD3}.Release|x64.ActiveCfg = Release|x64
		{BBFC57C6-1E0F-4338-AF67-10FB10C3EBD3}.Release|x64.Build.0 = Release|x64
		{BBFC57C6-1E0F-4338-AF67-10FB10C3EBD3}.Release|x64.Deploy.0 = Release|x64
		{BBFC57C6-1E0F-4338-AF67-10FB10C3EBD3}.Release|x86.ActiveCfg = Release|x86
		{BBFC57C6-1E0F-4338-AF67-10FB10C3EBD3}.Release|x86.Build.0 = Release|x86
		{BBFC57C6-1E0F-4338-AF67-10FB10C3EBD3}.Release|x86.Deploy.0 = Release|x86
	EndGlobalSection
	GlobalSection(SolutionProperties) = preSolution
		HideSolutionNode = FALSE
	EndGlobalSection
	GlobalSection(ExtensibilityGlobals) = postSolution
		SolutionGuid = {8CF3B637-CE47-4D51-93F5-551AA0425CDA}
	EndGlobalSection
EndGlobal
